schema: '2.0'
stages:
  data_ingestion:
    cmd: python src/pipelines/data_ingestion_pipeline.py
    deps:
    - path: data/raw/Energy Demand Hourly.csv
      hash: md5
      md5: e41364b597243b6ac0ad74581d7b51c2
      size: 1473420
    - path: src/components/data_ingestion.py
      hash: md5
      md5: 5ab6b87116d21ce9eb863c31a39c90c3
      size: 8933
    - path: src/constants/paths.py
      hash: md5
      md5: 1a3443e323a7c9f6154c778f0b7af2ba
      size: 5793
    - path: src/entity/components_config_entity.py
      hash: md5
      md5: 0d2c359f790b91af38b0f9d9b895b08a
      size: 4657
    - path: src/utils/helpers.py
      hash: md5
      md5: 08f102c7e1e787f92f3faa8d82ec9010
      size: 10343
    outs:
    - path: artifacts/data_ingestion/metadata.json
      hash: md5
      md5: b189dbf54483f78b644f1650ae412e2d
      size: 710
    - path: artifacts/data_ingestion/processed/processed_data.csv
      hash: md5
      md5: e41364b597243b6ac0ad74581d7b51c2
      size: 1473420
    - path: artifacts/data_ingestion/schema.json
      hash: md5
      md5: 9be346a5f7078552a9182b1eaadc154d
      size: 650
    - path: artifacts/data_ingestion/split/test.csv
      hash: md5
      md5: ec54208ac7aa78dede415a6ba0833a97
      size: 294720
    - path: artifacts/data_ingestion/split/train.csv
      hash: md5
      md5: 70f8cf2cb5beecb07fa2928655a05644
      size: 1178720
  data_validation:
    cmd: python src/pipelines/data_validation_pipeline.py
    deps:
    - path: artifacts/data_ingestion/processed/processed_data.csv
      hash: md5
      md5: e41364b597243b6ac0ad74581d7b51c2
      size: 1473420
    - path: artifacts/data_ingestion/schema.json
      hash: md5
      md5: 9be346a5f7078552a9182b1eaadc154d
      size: 650
    - path: artifacts/data_ingestion/split/test.csv
      hash: md5
      md5: ec54208ac7aa78dede415a6ba0833a97
      size: 294720
    - path: artifacts/data_ingestion/split/train.csv
      hash: md5
      md5: 70f8cf2cb5beecb07fa2928655a05644
      size: 1178720
    - path: src/components/data_validation.py
      hash: md5
      md5: b0296839cb83fa04d35790e5fc90030f
      size: 28033
    - path: src/constants/paths.py
      hash: md5
      md5: 1a3443e323a7c9f6154c778f0b7af2ba
      size: 5793
    - path: src/entity/components_config_entity.py
      hash: md5
      md5: 0d2c359f790b91af38b0f9d9b895b08a
      size: 4657
    - path: src/utils/handler.py
      hash: md5
      md5: 702e2757464ab2ba52a4708266208d7f
      size: 586
    - path: src/utils/helpers.py
      hash: md5
      md5: 08f102c7e1e787f92f3faa8d82ec9010
      size: 10343
    outs:
    - path: artifacts/data_validation/validation_status.json
      hash: md5
      md5: e09bc7cd0bf6e4fcf6acd3d8f4e31a3b
      size: 321
  data_preprocessing:
    cmd: python src/pipelines/data_preprocessing_pipeline.py
    deps:
    - path: artifacts/data_ingestion/split/test.csv
      hash: md5
      md5: ec54208ac7aa78dede415a6ba0833a97
      size: 294720
    - path: artifacts/data_ingestion/split/train.csv
      hash: md5
      md5: 70f8cf2cb5beecb07fa2928655a05644
      size: 1178720
    - path: artifacts/data_validation/validation_status.json
      hash: md5
      md5: e09bc7cd0bf6e4fcf6acd3d8f4e31a3b
      size: 321
    - path: src/components/data_preprocessing.py
      hash: md5
      md5: 9dda1c2443cae2e5c217b53a44b18f9a
      size: 7658
    - path: src/constants/paths.py
      hash: md5
      md5: 1a3443e323a7c9f6154c778f0b7af2ba
      size: 5793
    - path: src/entity/components_config_entity.py
      hash: md5
      md5: 0d2c359f790b91af38b0f9d9b895b08a
      size: 4657
    - path: src/utils/handler.py
      hash: md5
      md5: 702e2757464ab2ba52a4708266208d7f
      size: 586
    - path: src/utils/helpers.py
      hash: md5
      md5: 08f102c7e1e787f92f3faa8d82ec9010
      size: 10343
    - path: src/utils/pre_helper.py
      hash: md5
      md5: fc7a3932318f0feb628f00403a9d9409
      size: 20070
    outs:
    - path: artifacts/data_preprocessing/test_preprocessed.csv
      hash: md5
      md5: dbbf7023e5a4107cd0689ddd6ffb1cd3
      size: 441853
    - path: artifacts/data_preprocessing/train_preprocessed.csv
      hash: md5
      md5: a7dd95b9901bfd3bc0bcb648ab69a965
      size: 1767332
  feature_engineering:
    cmd: python src/pipelines/feature_engineering_pipeline.py
    deps:
    - path: artifacts/data_preprocessing/test_preprocessed.csv
      hash: md5
      md5: dbbf7023e5a4107cd0689ddd6ffb1cd3
      size: 441853
    - path: artifacts/data_preprocessing/train_preprocessed.csv
      hash: md5
      md5: a7dd95b9901bfd3bc0bcb648ab69a965
      size: 1767332
    - path: src/components/feature_engineering.py
      hash: md5
      md5: 9b245e605f279f54d591711a2a6cc9d3
      size: 2890
    - path: src/constants/paths.py
      hash: md5
      md5: 1a3443e323a7c9f6154c778f0b7af2ba
      size: 5793
    - path: src/entity/components_config_entity.py
      hash: md5
      md5: 0d2c359f790b91af38b0f9d9b895b08a
      size: 4657
    - path: src/utils/features_engineering_helpers.py
      hash: md5
      md5: 46e9a11f62992ebd66fb9ac4818fddba
      size: 2016
    - path: src/utils/helpers.py
      hash: md5
      md5: 08f102c7e1e787f92f3faa8d82ec9010
      size: 10343
    outs:
    - path: artifacts/feature_engineering/test_features.csv
      hash: md5
      md5: 49a3fb1eb9d2add74351fe67c4f21fde
      size: 8507830
    - path: artifacts/feature_engineering/train_features.csv
      hash: md5
      md5: 49a3fb1eb9d2add74351fe67c4f21fde
      size: 8507830
  feature_transformer:
    cmd: python src/pipelines/feature_transformer_pipeline.py
    deps:
    - path: artifacts/feature_engineering/test_features.csv
      hash: md5
      md5: 49a3fb1eb9d2add74351fe67c4f21fde
      size: 8507830
    - path: artifacts/feature_engineering/train_features.csv
      hash: md5
      md5: 49a3fb1eb9d2add74351fe67c4f21fde
      size: 8507830
    - path: src/components/feature_transformer.py
      hash: md5
      md5: 552d5f1e8ec96ee60305577bfa8a63f4
      size: 2788
    - path: src/constants/paths.py
      hash: md5
      md5: 1a3443e323a7c9f6154c778f0b7af2ba
      size: 5793
    - path: src/entity/components_config_entity.py
      hash: md5
      md5: 0d2c359f790b91af38b0f9d9b895b08a
      size: 4657
    - path: src/utils/feature_transformer_helper.py
      hash: md5
      md5: 3fe35881ccaae5fa61a42997b8a2cba2
      size: 3776
    outs:
    - path: artifacts/data_transformation/test_features.csv
      hash: md5
      md5: c9825f402e470910a53d9b489925e78c
      size: 7933608
    - path: artifacts/data_transformation/train_features.csv
      hash: md5
      md5: c9825f402e470910a53d9b489925e78c
      size: 7933608
    - path: artifacts/data_transformation/transformation_report.json
      hash: md5
      md5: bdd6d6a46f07ff0579fdfce2b5be2de0
      size: 660
  model_training:
    cmd: python src/pipelines/model_training_pipeline.py
    deps:
    - path: artifacts/data_transformation/test_features.csv
      hash: md5
      md5: c9825f402e470910a53d9b489925e78c
      size: 7933608
    - path: artifacts/data_transformation/train_features.csv
      hash: md5
      md5: c9825f402e470910a53d9b489925e78c
      size: 7933608
    - path: src/constants/paths.py
      hash: md5
      md5: 1a3443e323a7c9f6154c778f0b7af2ba
      size: 5793
    - path: src/entity/artifact_entity.py
      hash: md5
      md5: 1eb54eaf336763ee2052011d08192c20
      size: 3254
    - path: src/entity/components_config_entity.py
      hash: md5
      md5: 0d2c359f790b91af38b0f9d9b895b08a
      size: 4657
    - path: src/entity/model_config_entity.py
      hash: md5
      md5: f06f4f030e233b68cc8e93ac1d58b825
      size: 1474
    - path: src/models/trainer.py
      hash: md5
      md5: 695c55ca420a140adafe93a45008a12b
      size: 4976
    - path: src/utils/handler.py
      hash: md5
      md5: 702e2757464ab2ba52a4708266208d7f
      size: 586
    - path: src/utils/helpers.py
      hash: md5
      md5: 08f102c7e1e787f92f3faa8d82ec9010
      size: 10343
    - path: src/utils/model_training_helper.py
      hash: md5
      md5: 862788f0ec7c36a400760badb523ec8b
      size: 5964
    outs:
    - path: artifacts/model_training/lstm_model.keras
      hash: md5
      md5: 63e8c05d7792557c7541a8233a3b8720
      size: 1642639
