schema: '2.0'
stages:
  data_ingestion:
    cmd: python src/pipelines/data_ingestion_pipeline.py
    deps:
    - path: data/raw
      hash: md5
      md5: 9e5035ef8d090657e02949c66c4750ab.dir
      size: 2289368
      nfiles: 4
    - path: src/components/data_ingestion.py
      hash: md5
      md5: 5ab6b87116d21ce9eb863c31a39c90c3
      size: 8933
    - path: src/constants/paths.py
      hash: md5
      md5: 86119190b9d10b9a44d7849e931b444d
      size: 5624
    - path: src/entity/components_config_entity.py
      hash: md5
      md5: cb9a4a808cb008ba1254c35e887327c6
      size: 3070
    outs:
    - path: artifacts/data_ingestion
      hash: md5
      md5: 9714d662dd1d0290271b70125dd6f560.dir
      size: 4421640
      nfiles: 6
  data_validation:
    cmd: python src/pipelines/data_validation_pipeline.py
    deps:
    - path: artifacts/data_ingestion
      hash: md5
      md5: 9714d662dd1d0290271b70125dd6f560.dir
      size: 4421640
      nfiles: 6
    - path: src/components/data_validation.py
      hash: md5
      md5: c400b0a8f781004a1b8a40cdf7691b5c
      size: 28032
    - path: src/constants/paths.py
      hash: md5
      md5: 86119190b9d10b9a44d7849e931b444d
      size: 5624
    - path: src/entity/components_config_entity.py
      hash: md5
      md5: cb9a4a808cb008ba1254c35e887327c6
      size: 3070
    - path: src/utils/helpers.py
      hash: md5
      md5: 08f102c7e1e787f92f3faa8d82ec9010
      size: 10343
    outs:
    - path: artifacts/data_validation
      hash: md5
      md5: e25cc15862b5d24cb020caa97cecfea4.dir
      size: 4736
      nfiles: 6
  data_preprocessing:
    cmd: python src/pipelines/data_preprocessing_pipeline.py
    deps:
    - path: artifacts/data_ingestion/split/test.csv
      hash: md5
      md5: ec54208ac7aa78dede415a6ba0833a97
      size: 294720
    - path: artifacts/data_ingestion/split/train.csv
      hash: md5
      md5: 70f8cf2cb5beecb07fa2928655a05644
      size: 1178720
    - path: artifacts/data_validation/validation_status.json
      hash: md5
      md5: a9c58c8e4d28b3485da4d8551e91c0a9
      size: 369
    - path: src/pipelines/data_preprocessing_pipeline.py
      hash: md5
      md5: c2f8ac9df4651b534982065cf493ec9a
      size: 1736
    outs:
    - path: artifacts/data_preprocessing/test_preprocessed.csv
      hash: md5
      md5: 876c6a8b37ba134a1181a94de3db1e90
      size: 459661
    - path: artifacts/data_preprocessing/train_preprocessed.csv
      hash: md5
      md5: 430fd5257b1a41c51473e4cd5cf8212b
      size: 1838172
